{
  "name": "Ripple",
  "lockfileVersion": 3,
  "requires": true,
  "packages": {
    "": {
      "dependencies": {
        "ripple-st-client": "^0.2.0"
      }
    },
    "node_modules/ripple-st-client": {
      "version": "0.2.0",
      "resolved": "https://registry.npmjs.org/ripple-st-client/-/ripple-st-client-0.2.0.tgz",
      "integrity": "sha512-9lghgT2L07oHyONm/pkB9rw+F5TUstiTGtoZVqF5M17fUs6j+3k5bw+Eh6HJKN4szNKOJY74Kgsh+vonn5CVGA==",
      "license": "MIT"
    }
  }
}
